lockfileVersion: '9.0'

settings:
  autoInstallPeers: true
  excludeLinksFromLockfile: false

importers:

  .:
    dependencies:
      dotenv:
        specifier: ^17.4.1
        version: 17.4.1
      pinata:
        specifier: ^2.5.5
        version: 2.5.5

packages:

  dotenv@17.4.1:
    resolution: {integrity: sha512-k8DaKGP6r1G30Lx8V4+pCsLzKr8vLmV2paqEj1Y55GdAgJuIqpRp5FfajGF8KtwMxCz9qJc6wUIJnm053d/WCw==}
    engines: {node: '>=12'}

  pinata@2.5.5:
    resolution: {integrity: sha512-GmHGL8bSpiwQlbrXrT73DJ1ZrYi+MD3lY7scY10D2PnH0kggDCUP04Gb96thbRenhvqVYjPRYYFt7gW9yjejYw==}
    engines: {node: '>=20'}
    peerDependencies:
      react: '>=16.8.0'
      react-dom: '>=16.8.0'
    peerDependenciesMeta:
      react:
        optional: true
      react-dom:
        optional: true

snapshots:

  dotenv@17.4.1: {}

  pinata@2.5.5: {}
